
Microsoft Visual Studio Solution File, Format Version 12.00
# Visual Studio Version 17
VisualStudioVersion = 17.2.32526.322
MinimumVisualStudioVersion = 10.0.40219.1
Project("{9A19103F-16F7-4668-BE54-9A1E7A4F7556}") = "CQRS(ReadService)", "CQRS\CQRS(ReadService).csproj", "{B502B8F4-D532-40C9-9C04-372A59F4C0D8}"
EndProject
Project("{FAE04EC0-301F-11D3-BF4B-00C04F79EFBC}") = "CQRS(WriteService)", "CQRS(WriteService)\CQRS(WriteService).csproj", "{AD814751-7214-4BB0-B5FD-579F7C69DD3E}"
EndProject
Global
	GlobalSection(SolutionConfigurationPlatforms) = preSolution
		Debug|Any CPU = Debug|Any CPU
		Release|Any CPU = Release|Any CPU
	EndGlobalSection
	GlobalSection(ProjectConfigurationPlatforms) = postSolution
		{B502B8F4-D532-40C9-9C04-372A59F4C0D8}.Debug|Any CPU.ActiveCfg = Debug|Any CPU
		{B502B8F4-D532-40C9-9C04-372A59F4C0D8}.Debug|Any CPU.Build.0 = Debug|Any CPU
		{B502B8F4-D532-40C9-9C04-372A59F4C0D8}.Release|Any CPU.ActiveCfg = Release|Any CPU
		{B502B8F4-D532-40C9-9C04-372A59F4C0D8}.Release|Any CPU.Build.0 = Release|Any CPU
		{AD814751-7214-4BB0-B5FD-579F7C69DD3E}.Debug|Any CPU.ActiveCfg = Debug|Any CPU
		{AD814751-7214-4BB0-B5FD-579F7C69DD3E}.Debug|Any CPU.Build.0 = Debug|Any CPU
		{AD814751-7214-4BB0-B5FD-579F7C69DD3E}.Release|Any CPU.ActiveCfg = Release|Any CPU
		{AD814751-7214-4BB0-B5FD-579F7C69DD3E}.Release|Any CPU.Build.0 = Release|Any CPU
	EndGlobalSection
	GlobalSection(SolutionProperties) = preSolution
		HideSolutionNode = FALSE
	EndGlobalSection
	GlobalSection(ExtensibilityGlobals) = postSolution
		SolutionGuid = {D11A6369-D6B8-48EE-A594-EC5C907C52C4}
	EndGlobalSection
EndGlobal
